github.com/albae69/learn-go-modules v1.0.1 h1:zZ/iJ9RbJ1Ou6FtwhFjr3pCFWrnHcS3WbG9RTL2SEtQ=
github.com/albae69/learn-go-modules v1.0.1/go.mod h1:Y4UYU9pOb97CRbI7HrxYNjkrdSYqZ8UDdc6nuHgJb9Q=
github.com/albae69/learn-go-modules/v2 v2.0.0 h1:3gPjmaTePM4LPLXyH5FL80I3TRb0zKVUQTjefafSL2M=
github.com/albae69/learn-go-modules/v2 v2.0.0/go.mod h1:AICHNp9AiKMZFjrIzD5oSYEqXaclH4J2LErmctwQ5W0=
